
Microsoft Visual Studio Solution File, Format Version 12.00
# Visual Studio Version 17
VisualStudioVersion = 17.5.001.0
MinimumVisualStudioVersion = 10.0.40219.1
Project("{2150E333-8FDC-42A3-9474-1A3956D46DE8}") = "Seminar 1", "Seminar 1", "{21E53EC4-A0B8-4313-B8FE-BEC24F7DFE79}"
EndProject
Project("{9A19103F-16F7-4668-BE54-9A1E7A4F7556}") = "HWTask 1", "Seminar 1\HWTask 1\HWTask 1.csproj", "{C5DF977D-D0BD-41D5-8F71-186E52E1E5A2}"
EndProject
Project("{9A19103F-16F7-4668-BE54-9A1E7A4F7556}") = "HWTask 2", "Seminar 1\HWTask 2\HWTask 2.csproj", "{FF81EEE9-AD66-4FB2-8570-B4B1A5857364}"
EndProject
Project("{9A19103F-16F7-4668-BE54-9A1E7A4F7556}") = "HWTask 3", "Seminar 1\HWTask 3\HWTask 3.csproj", "{E785A296-8645-4232-B177-D357D1915DFC}"
EndProject
Project("{9A19103F-16F7-4668-BE54-9A1E7A4F7556}") = "HWTask 4", "Seminar 1\HWTask 4\HWTask 4.csproj", "{902F6AE0-CAAB-4DCF-AE24-4A3902A5C89E}"
EndProject
Project("{9A19103F-16F7-4668-BE54-9A1E7A4F7556}") = "SeminarTask 1", "Seminar 1\SeminarTask 1\SeminarTask 1.csproj", "{7F7BFCDD-E35E-4360-BF0D-7ADE763909EF}"
EndProject
Project("{2150E333-8FDC-42A3-9474-1A3956D46DE8}") = "Seminar 2", "Seminar 2", "{C8C07E57-4FB7-4901-AFEB-48A99B67E4A8}"
EndProject
Project("{9A19103F-16F7-4668-BE54-9A1E7A4F7556}") = "HWTask 1", "Seminar 2\HWTask 1\HWTask 1.csproj", "{5A46541F-492C-4796-9C77-76022175B075}"
EndProject
Project("{9A19103F-16F7-4668-BE54-9A1E7A4F7556}") = "HWTask 2", "Seminar 2\HWTask 2\HWTask 2.csproj", "{2082CCA7-1D9D-4CB5-8EE1-B44703511AE5}"
EndProject
Global
	GlobalSection(SolutionConfigurationPlatforms) = preSolution
		Debug|Any CPU = Debug|Any CPU
		Release|Any CPU = Release|Any CPU
	EndGlobalSection
	GlobalSection(ProjectConfigurationPlatforms) = postSolution
		{C5DF977D-D0BD-41D5-8F71-186E52E1E5A2}.Debug|Any CPU.ActiveCfg = Debug|Any CPU
		{C5DF977D-D0BD-41D5-8F71-186E52E1E5A2}.Debug|Any CPU.Build.0 = Debug|Any CPU
		{C5DF977D-D0BD-41D5-8F71-186E52E1E5A2}.Release|Any CPU.ActiveCfg = Release|Any CPU
		{C5DF977D-D0BD-41D5-8F71-186E52E1E5A2}.Release|Any CPU.Build.0 = Release|Any CPU
		{FF81EEE9-AD66-4FB2-8570-B4B1A5857364}.Debug|Any CPU.ActiveCfg = Debug|Any CPU
		{FF81EEE9-AD66-4FB2-8570-B4B1A5857364}.Debug|Any CPU.Build.0 = Debug|Any CPU
		{FF81EEE9-AD66-4FB2-8570-B4B1A5857364}.Release|Any CPU.ActiveCfg = Release|Any CPU
		{FF81EEE9-AD66-4FB2-8570-B4B1A5857364}.Release|Any CPU.Build.0 = Release|Any CPU
		{E785A296-8645-4232-B177-D357D1915DFC}.Debug|Any CPU.ActiveCfg = Debug|Any CPU
		{E785A296-8645-4232-B177-D357D1915DFC}.Debug|Any CPU.Build.0 = Debug|Any CPU
		{E785A296-8645-4232-B177-D357D1915DFC}.Release|Any CPU.ActiveCfg = Release|Any CPU
		{E785A296-8645-4232-B177-D357D1915DFC}.Release|Any CPU.Build.0 = Release|Any CPU
		{902F6AE0-CAAB-4DCF-AE24-4A3902A5C89E}.Debug|Any CPU.ActiveCfg = Debug|Any CPU
		{902F6AE0-CAAB-4DCF-AE24-4A3902A5C89E}.Debug|Any CPU.Build.0 = Debug|Any CPU
		{902F6AE0-CAAB-4DCF-AE24-4A3902A5C89E}.Release|Any CPU.ActiveCfg = Release|Any CPU
		{902F6AE0-CAAB-4DCF-AE24-4A3902A5C89E}.Release|Any CPU.Build.0 = Release|Any CPU
		{7F7BFCDD-E35E-4360-BF0D-7ADE763909EF}.Debug|Any CPU.ActiveCfg = Debug|Any CPU
		{7F7BFCDD-E35E-4360-BF0D-7ADE763909EF}.Debug|Any CPU.Build.0 = Debug|Any CPU
		{7F7BFCDD-E35E-4360-BF0D-7ADE763909EF}.Release|Any CPU.ActiveCfg = Release|Any CPU
		{7F7BFCDD-E35E-4360-BF0D-7ADE763909EF}.Release|Any CPU.Build.0 = Release|Any CPU
		{5A46541F-492C-4796-9C77-76022175B075}.Debug|Any CPU.ActiveCfg = Debug|Any CPU
		{5A46541F-492C-4796-9C77-76022175B075}.Debug|Any CPU.Build.0 = Debug|Any CPU
		{5A46541F-492C-4796-9C77-76022175B075}.Release|Any CPU.ActiveCfg = Release|Any CPU
		{5A46541F-492C-4796-9C77-76022175B075}.Release|Any CPU.Build.0 = Release|Any CPU
		{2082CCA7-1D9D-4CB5-8EE1-B44703511AE5}.Debug|Any CPU.ActiveCfg = Debug|Any CPU
		{2082CCA7-1D9D-4CB5-8EE1-B44703511AE5}.Debug|Any CPU.Build.0 = Debug|Any CPU
		{2082CCA7-1D9D-4CB5-8EE1-B44703511AE5}.Release|Any CPU.ActiveCfg = Release|Any CPU
		{2082CCA7-1D9D-4CB5-8EE1-B44703511AE5}.Release|Any CPU.Build.0 = Release|Any CPU
	EndGlobalSection
	GlobalSection(SolutionProperties) = preSolution
		HideSolutionNode = FALSE
	EndGlobalSection
	GlobalSection(NestedProjects) = preSolution
		{C5DF977D-D0BD-41D5-8F71-186E52E1E5A2} = {21E53EC4-A0B8-4313-B8FE-BEC24F7DFE79}
		{FF81EEE9-AD66-4FB2-8570-B4B1A5857364} = {21E53EC4-A0B8-4313-B8FE-BEC24F7DFE79}
		{E785A296-8645-4232-B177-D357D1915DFC} = {21E53EC4-A0B8-4313-B8FE-BEC24F7DFE79}
		{902F6AE0-CAAB-4DCF-AE24-4A3902A5C89E} = {21E53EC4-A0B8-4313-B8FE-BEC24F7DFE79}
		{7F7BFCDD-E35E-4360-BF0D-7ADE763909EF} = {21E53EC4-A0B8-4313-B8FE-BEC24F7DFE79}
		{5A46541F-492C-4796-9C77-76022175B075} = {C8C07E57-4FB7-4901-AFEB-48A99B67E4A8}
		{2082CCA7-1D9D-4CB5-8EE1-B44703511AE5} = {C8C07E57-4FB7-4901-AFEB-48A99B67E4A8}
	EndGlobalSection
	GlobalSection(ExtensibilityGlobals) = postSolution
		SolutionGuid = {F6510694-C92E-4010-99F6-B19BA9E854E2}
	EndGlobalSection
EndGlobal
